<?xml version="1.0" encoding="utf-8"?>
<Project ToolsVersion="17.0" xmlns="http://schemas.microsoft.com/developer/msbuild/2003">
  <ItemGroup>
    <CustomBuild Include="C:\Users\Тажутдин\library_project\CMakeFiles\c08f1a582277ee671a3ac701a68c74b3\generate.stamp.rule">
      <Filter>CMake Rules</Filter>
    </CustomBuild>
  </ItemGroup>
  <ItemGroup>
    <Filter Include="CMake Rules">
      <UniqueIdentifier>{CCDEC399-92D5-3F99-8C3A-E3EEA2247AC0}</UniqueIdentifier>
    </Filter>
  </ItemGroup>
</Project>
